
Microsoft Visual Studio Solution File, Format Version 12.00
# Visual Studio Version 16
VisualStudioVersion = 16.0.32802.440
MinimumVisualStudioVersion = 10.0.40219.1
Project("{6989167D-11E4-40FE-8C1A-2192A86A7E90}") = "lib-dummies", "lib-dummies.vfproj", "{71B1A1B7-387A-4D58-8607-F9B24B896995}"
EndProject
Global
	GlobalSection(SolutionConfigurationPlatforms) = preSolution
		Debug|x64 = Debug|x64
		Debug|x86 = Debug|x86
		Release|x64 = Release|x64
		Release|x86 = Release|x86
	EndGlobalSection
	GlobalSection(ProjectConfigurationPlatforms) = postSolution
		{71B1A1B7-387A-4D58-8607-F9B24B896995}.Debug|x64.ActiveCfg = Debug|x64
		{71B1A1B7-387A-4D58-8607-F9B24B896995}.Debug|x64.Build.0 = Debug|x64
		{71B1A1B7-387A-4D58-8607-F9B24B896995}.Debug|x86.ActiveCfg = Debug|Win32
		{71B1A1B7-387A-4D58-8607-F9B24B896995}.Debug|x86.Build.0 = Debug|Win32
		{71B1A1B7-387A-4D58-8607-F9B24B896995}.Release|x64.ActiveCfg = Release|x64
		{71B1A1B7-387A-4D58-8607-F9B24B896995}.Release|x64.Build.0 = Release|x64
		{71B1A1B7-387A-4D58-8607-F9B24B896995}.Release|x86.ActiveCfg = Release|Win32
		{71B1A1B7-387A-4D58-8607-F9B24B896995}.Release|x86.Build.0 = Release|Win32
	EndGlobalSection
	GlobalSection(SolutionProperties) = preSolution
		HideSolutionNode = FALSE
	EndGlobalSection
	GlobalSection(ExtensibilityGlobals) = postSolution
		SolutionGuid = {844B1BE4-ADAF-48F8-ADF4-75DE9072CF9F}
	EndGlobalSection
EndGlobal
